
Microsoft Visual Studio Solution File, Format Version 12.00
# Visual Studio 2012
Project("{FAE04EC0-301F-11D3-BF4B-00C04F79EFBC}") = "TestApplication", "TestApplication\TestApplication.csproj", "{49597521-12A3-4EF4-AD61-0D54C3312551}"
EndProject
Global
	GlobalSection(SolutionConfigurationPlatforms) = preSolution
		Debug|Any CPU = Debug|Any CPU
		Release|Any CPU = Release|Any CPU
	EndGlobalSection
	GlobalSection(ProjectConfigurationPlatforms) = postSolution
		{49597521-12A3-4EF4-AD61-0D54C3312551}.Debug|Any CPU.ActiveCfg = Debug|Any CPU
		{49597521-12A3-4EF4-AD61-0D54C3312551}.Debug|Any CPU.Build.0 = Debug|Any CPU
		{49597521-12A3-4EF4-AD61-0D54C3312551}.Release|Any CPU.ActiveCfg = Release|Any CPU
		{49597521-12A3-4EF4-AD61-0D54C3312551}.Release|Any CPU.Build.0 = Release|Any CPU
	EndGlobalSection
	GlobalSection(SolutionProperties) = preSolution
		HideSolutionNode = FALSE
	EndGlobalSection
EndGlobal
